{
  "requires": true,
  "lockfileVersion": 1,
  "dependencies": {
    "vue": {
      "version": "2.6.14",
      "resolved": "https://registry.npmmirror.com/vue/-/vue-2.6.14.tgz",
      "integrity": "sha512-x2284lgYvjOMj3Za7kqzRcUSxBboHqtgRE2zlos1qWaOye5yUmHn42LB1250NJBLRwEcdrB0JRwyPTEPhfQjiQ=="
    },
    "vue-table-with-tree-grid": {
      "version": "0.2.4",
      "resolved": "https://registry.npmmirror.com/vue-table-with-tree-grid/-/vue-table-with-tree-grid-0.2.4.tgz",
      "integrity": "sha512-V9+wckhA8u1K6RBu7m7bjUEyRrjFFnGVaRghEjzn/fIQJc2VRxVbq8qFXIRlTTC7XUQwbiEK0Xlp4zOXP5W0Gg==",
      "requires": {
        "vue": "^2.4.3"
      }
    }
  }
}
