{
  "name": "09-database",
  "version": "1.0.0",
  "lockfileVersion": 1,
  "requires": true,
  "dependencies": {
    "@types/node": {
      "version": "17.0.35",
      "resolved": "https://registry.npmmirror.com/@types/node/-/node-17.0.35.tgz"
    },
    "@types/webidl-conversions": {
      "version": "6.1.1",
      "resolved": "https://registry.npmmirror.com/@types/webidl-conversions/-/webidl-conversions-6.1.1.tgz"
    },
    "@types/whatwg-url": {
      "version": "8.2.1",
      "resolved": "https://registry.npmmirror.com/@types/whatwg-url/-/whatwg-url-8.2.1.tgz",
      "requires": {
        "@types/node": "*",
        "@types/webidl-conversions": "*"
      }
    },
    "base64-js": {
      "version": "1.5.1",
      "resolved": "https://registry.npmmirror.com/base64-js/-/base64-js-1.5.1.tgz"
    },
    "bson": {
      "version": "4.6.4",
      "resolved": "https://registry.npmmirror.com/bson/-/bson-4.6.4.tgz",
      "requires": {
        "buffer": "^5.6.0"
      },
      "dependencies": {
        "buffer": {
          "version": "https://registry.npmmirror.com/buffer/-/buffer-5.7.1.tgz"
        }
      }
    },
    "buffer": {
      "version": "5.7.1",
      "resolved": "https://registry.npmmirror.com/buffer/-/buffer-5.7.1.tgz",
      "requires": {
        "base64-js": "^1.3.1",
        "ieee754": "^1.1.13"
      },
      "dependencies": {
        "base64-js": {
          "version": "https://registry.npmmirror.com/base64-js/-/base64-js-1.5.1.tgz"
        },
        "ieee754": {
          "version": "https://registry.npmmirror.com/ieee754/-/ieee754-1.2.1.tgz"
        }
      }
    },
    "debug": {
      "version": "4.3.4",
      "resolved": "https://registry.npmmirror.com/debug/-/debug-4.3.4.tgz",
      "requires": {
        "ms": "2.1.2"
      },
      "dependencies": {
        "ms": {
          "version": "2.1.2",
          "resolved": "https://registry.npmjs.org/ms/-/ms-2.1.2.tgz",
          "integrity": "sha512-sGkPx+VjMtmA6MX27oA4FBFELFCZZ4S4XqeGOXCv68tT+jb3vk/RyaKWP0PTKyWtmLSM0b+adUTEvbs1PEaH2w=="
        }
      }
    },
    "denque": {
      "version": "2.0.1",
      "resolved": "https://registry.npmmirror.com/denque/-/denque-2.0.1.tgz"
    },
    "ieee754": {
      "version": "1.2.1",
      "resolved": "https://registry.npmmirror.com/ieee754/-/ieee754-1.2.1.tgz"
    },
    "ip": {
      "version": "1.1.8",
      "resolved": "https://registry.npmmirror.com/ip/-/ip-1.1.8.tgz"
    },
    "kareem": {
      "version": "2.3.5",
      "resolved": "https://registry.npmmirror.com/kareem/-/kareem-2.3.5.tgz"
    },
    "memory-pager": {
      "version": "1.5.0",
      "resolved": "https://registry.npmmirror.com/memory-pager/-/memory-pager-1.5.0.tgz",
      "optional": true
    },
    "mongodb": {
      "version": "4.5.0",
      "resolved": "https://registry.npmmirror.com/mongodb/-/mongodb-4.5.0.tgz",
      "requires": {
        "bson": "^4.6.2",
        "denque": "^2.0.1",
        "mongodb-connection-string-url": "^2.5.2",
        "saslprep": "^1.0.3",
        "socks": "^2.6.2"
      },
      "dependencies": {
        "bson": {
          "version": "https://registry.npmmirror.com/bson/-/bson-4.6.4.tgz"
        },
        "denque": {
          "version": "https://registry.npmmirror.com/denque/-/denque-2.0.1.tgz"
        },
        "mongodb-connection-string-url": {
          "version": "https://registry.npmmirror.com/mongodb-connection-string-url/-/mongodb-connection-string-url-2.5.2.tgz"
        },
        "saslprep": {
          "version": "https://registry.npmmirror.com/saslprep/-/saslprep-1.0.3.tgz"
        },
        "socks": {
          "version": "https://registry.npmmirror.com/socks/-/socks-2.6.2.tgz"
        }
      }
    },
    "mongodb-connection-string-url": {
      "version": "2.5.2",
      "resolved": "https://registry.npmmirror.com/mongodb-connection-string-url/-/mongodb-connection-string-url-2.5.2.tgz",
      "requires": {
        "@types/whatwg-url": "^8.2.1",
        "whatwg-url": "^11.0.0"
      },
      "dependencies": {
        "@types/whatwg-url": {
          "version": "https://registry.npmmirror.com/@types/whatwg-url/-/whatwg-url-8.2.1.tgz",
          "dependencies": {
            "@types/node": {
              "version": "https://registry.npmmirror.com/@types/node/-/node-17.0.35.tgz"
            },
            "@types/webidl-conversions": {
              "version": "https://registry.npmmirror.com/@types/webidl-conversions/-/webidl-conversions-6.1.1.tgz"
            }
          }
        },
        "whatwg-url": {
          "version": "https://registry.npmmirror.com/whatwg-url/-/whatwg-url-11.0.0.tgz"
        }
      }
    },
    "mongoose": {
      "version": "6.3.4",
      "resolved": "https://registry.npmjs.org/mongoose/-/mongoose-6.3.4.tgz",
      "integrity": "sha512-UP0azyGMdY+2YNbJUHeHhnVw5vPzCqs4GQDUwHkilif/rwmSZktUQhQWMp1pUgRNeF2JC30vWGLrInZxD7K/Qw==",
      "requires": {
        "bson": "^4.6.2",
        "kareem": "2.3.5",
        "mongodb": "4.5.0",
        "mpath": "0.9.0",
        "mquery": "4.0.3",
        "ms": "2.1.3",
        "sift": "16.0.0"
      }
    },
    "mpath": {
      "version": "0.9.0",
      "resolved": "https://registry.npmmirror.com/mpath/-/mpath-0.9.0.tgz"
    },
    "mquery": {
      "version": "4.0.3",
      "resolved": "https://registry.npmmirror.com/mquery/-/mquery-4.0.3.tgz",
      "requires": {
        "debug": "4.x"
      },
      "dependencies": {
        "debug": {
          "version": "https://registry.npmmirror.com/debug/-/debug-4.3.4.tgz"
        }
      }
    },
    "ms": {
      "version": "2.1.3",
      "resolved": "https://registry.npmmirror.com/ms/-/ms-2.1.3.tgz"
    },
    "punycode": {
      "version": "2.1.1",
      "resolved": "https://registry.npmmirror.com/punycode/-/punycode-2.1.1.tgz"
    },
    "saslprep": {
      "version": "1.0.3",
      "resolved": "https://registry.npmmirror.com/saslprep/-/saslprep-1.0.3.tgz",
      "optional": true,
      "requires": {
        "sparse-bitfield": "^3.0.3"
      },
      "dependencies": {
        "sparse-bitfield": {
          "version": "https://registry.npmmirror.com/sparse-bitfield/-/sparse-bitfield-3.0.3.tgz"
        }
      }
    },
    "sift": {
      "version": "16.0.0",
      "resolved": "https://registry.npmmirror.com/sift/-/sift-16.0.0.tgz"
    },
    "smart-buffer": {
      "version": "4.2.0",
      "resolved": "https://registry.npmmirror.com/smart-buffer/-/smart-buffer-4.2.0.tgz"
    },
    "socks": {
      "version": "2.6.2",
      "resolved": "https://registry.npmmirror.com/socks/-/socks-2.6.2.tgz",
      "requires": {
        "ip": "^1.1.5",
        "smart-buffer": "^4.2.0"
      },
      "dependencies": {
        "ip": {
          "version": "https://registry.npmmirror.com/ip/-/ip-1.1.8.tgz"
        },
        "smart-buffer": {
          "version": "https://registry.npmmirror.com/smart-buffer/-/smart-buffer-4.2.0.tgz"
        }
      }
    },
    "sparse-bitfield": {
      "version": "3.0.3",
      "resolved": "https://registry.npmmirror.com/sparse-bitfield/-/sparse-bitfield-3.0.3.tgz",
      "optional": true,
      "requires": {
        "memory-pager": "^1.0.2"
      },
      "dependencies": {
        "memory-pager": {
          "version": "https://registry.npmmirror.com/memory-pager/-/memory-pager-1.5.0.tgz"
        }
      }
    },
    "tr46": {
      "version": "3.0.0",
      "resolved": "https://registry.npmmirror.com/tr46/-/tr46-3.0.0.tgz",
      "requires": {
        "punycode": "^2.1.1"
      },
      "dependencies": {
        "punycode": {
          "version": "https://registry.npmmirror.com/punycode/-/punycode-2.1.1.tgz"
        }
      }
    },
    "webidl-conversions": {
      "version": "7.0.0",
      "resolved": "https://registry.npmmirror.com/webidl-conversions/-/webidl-conversions-7.0.0.tgz"
    },
    "whatwg-url": {
      "version": "11.0.0",
      "resolved": "https://registry.npmmirror.com/whatwg-url/-/whatwg-url-11.0.0.tgz",
      "requires": {
        "tr46": "^3.0.0",
        "webidl-conversions": "^7.0.0"
      },
      "dependencies": {
        "tr46": {
          "version": "https://registry.npmmirror.com/tr46/-/tr46-3.0.0.tgz"
        },
        "webidl-conversions": {
          "version": "https://registry.npmmirror.com/webidl-conversions/-/webidl-conversions-7.0.0.tgz"
        }
      }
    }
  }
}
